
Microsoft Visual Studio Solution File, Format Version 10.00
# Visual Studio 2008
Project("{2150E333-8FDC-42A3-9474-1A3956D46DE8}") = "References", "References", "{2907F3D4-CA23-45FD-A958-81A345A11E37}"
	ProjectSection(SolutionItems) = preProject
		Microsoft.Scripting.dll = Microsoft.Scripting.dll
		ShiftReduceParser.dll = ShiftReduceParser.dll
		xunit.dll = xunit.dll
	EndProjectSection
EndProject
Project("{2150E333-8FDC-42A3-9474-1A3956D46DE8}") = "Definitions", "Definitions", "{071DBABC-79F3-4C47-A835-6045E9D37194}"
	ProjectSection(SolutionItems) = preProject
		Parser.y = Parser.y
		Scanner.l = Scanner.l
	EndProjectSection
EndProject
Project("{FAE04EC0-301F-11D3-BF4B-00C04F79EFBC}") = "DevelopStuff.Infix", "DevelopStuff.Infix\DevelopStuff.Infix.csproj", "{FE7176E5-3FEF-403A-9256-BAF18037D4BF}"
EndProject
Project("{FAE04EC0-301F-11D3-BF4B-00C04F79EFBC}") = "DevelopStuff.Infix.Console", "DevelopStuff.Infix.Console\DevelopStuff.Infix.Console.csproj", "{87C428FA-EE9F-431E-BBEE-568631804628}"
EndProject
Project("{FAE04EC0-301F-11D3-BF4B-00C04F79EFBC}") = "DevelopStuff.Infix.Tests", "DevelopStuff.Infix.Tests\DevelopStuff.Infix.Tests.csproj", "{F6073A7B-7AF1-44CC-A0D8-387D332BF08A}"
EndProject
Project("{2150E333-8FDC-42A3-9474-1A3956D46DE8}") = "License", "License", "{40C91B0B-DF51-4DD9-8AD5-39080698CBC2}"
	ProjectSection(SolutionItems) = preProject
		License.txt = License.txt
	EndProjectSection
EndProject
Global
	GlobalSection(SolutionConfigurationPlatforms) = preSolution
		Debug|Any CPU = Debug|Any CPU
		Release|Any CPU = Release|Any CPU
	EndGlobalSection
	GlobalSection(ProjectConfigurationPlatforms) = postSolution
		{FE7176E5-3FEF-403A-9256-BAF18037D4BF}.Debug|Any CPU.ActiveCfg = Debug|Any CPU
		{FE7176E5-3FEF-403A-9256-BAF18037D4BF}.Debug|Any CPU.Build.0 = Debug|Any CPU
		{FE7176E5-3FEF-403A-9256-BAF18037D4BF}.Release|Any CPU.ActiveCfg = Release|Any CPU
		{FE7176E5-3FEF-403A-9256-BAF18037D4BF}.Release|Any CPU.Build.0 = Release|Any CPU
		{87C428FA-EE9F-431E-BBEE-568631804628}.Debug|Any CPU.ActiveCfg = Debug|Any CPU
		{87C428FA-EE9F-431E-BBEE-568631804628}.Debug|Any CPU.Build.0 = Debug|Any CPU
		{87C428FA-EE9F-431E-BBEE-568631804628}.Release|Any CPU.ActiveCfg = Release|Any CPU
		{87C428FA-EE9F-431E-BBEE-568631804628}.Release|Any CPU.Build.0 = Release|Any CPU
		{F6073A7B-7AF1-44CC-A0D8-387D332BF08A}.Debug|Any CPU.ActiveCfg = Debug|Any CPU
		{F6073A7B-7AF1-44CC-A0D8-387D332BF08A}.Debug|Any CPU.Build.0 = Debug|Any CPU
		{F6073A7B-7AF1-44CC-A0D8-387D332BF08A}.Release|Any CPU.ActiveCfg = Release|Any CPU
		{F6073A7B-7AF1-44CC-A0D8-387D332BF08A}.Release|Any CPU.Build.0 = Release|Any CPU
	EndGlobalSection
	GlobalSection(SolutionProperties) = preSolution
		HideSolutionNode = FALSE
	EndGlobalSection
EndGlobal
